
Microsoft Visual Studio Solution File, Format Version 12.00
# Visual Studio Version 17
VisualStudioVersion = 17.7.34031.279
MinimumVisualStudioVersion = 10.0.40219.1
Project("{FAE04EC0-301F-11D3-BF4B-00C04F79EFBC}") = "CakeBuild", "CakeBuild\CakeBuild.csproj", "{A879DC24-0C8C-4550-B540-30A56FB49FE5}"
EndProject
Project("{FAE04EC0-301F-11D3-BF4B-00C04F79EFBC}") = "StableSurface", "StableSurface\StableSurface.csproj", "{7D2859D9-595A-4915-97BE-43057DBB836C}"
EndProject
Global
	GlobalSection(SolutionConfigurationPlatforms) = preSolution
		Debug|Any CPU = Debug|Any CPU
		Release|Any CPU = Release|Any CPU
	EndGlobalSection
	GlobalSection(ProjectConfigurationPlatforms) = postSolution
		{A879DC24-0C8C-4550-B540-30A56FB49FE5}.Debug|Any CPU.ActiveCfg = Debug|Any CPU
		{A879DC24-0C8C-4550-B540-30A56FB49FE5}.Debug|Any CPU.Build.0 = Debug|Any CPU
		{A879DC24-0C8C-4550-B540-30A56FB49FE5}.Release|Any CPU.ActiveCfg = Release|Any CPU
		{A879DC24-0C8C-4550-B540-30A56FB49FE5}.Release|Any CPU.Build.0 = Release|Any CPU
		{7D2859D9-595A-4915-97BE-43057DBB836C}.Debug|Any CPU.ActiveCfg = Debug|Any CPU
		{7D2859D9-595A-4915-97BE-43057DBB836C}.Debug|Any CPU.Build.0 = Debug|Any CPU
		{7D2859D9-595A-4915-97BE-43057DBB836C}.Release|Any CPU.ActiveCfg = Release|Any CPU
		{7D2859D9-595A-4915-97BE-43057DBB836C}.Release|Any CPU.Build.0 = Release|Any CPU
	EndGlobalSection
	GlobalSection(SolutionProperties) = preSolution
		HideSolutionNode = FALSE
	EndGlobalSection
	GlobalSection(ExtensibilityGlobals) = postSolution
		SolutionGuid = {E9192214-B509-492B-B568-D5BCBC35A109}
	EndGlobalSection
EndGlobal
